
Microsoft Visual Studio Solution File, Format Version 12.00
# Visual Studio 15
VisualStudioVersion = 15.0.28307.757
MinimumVisualStudioVersion = 10.0.40219.1
Project("{FAE04EC0-301F-11D3-BF4B-00C04F79EFBC}") = "DatabaseApplication", "DatabaseApplication\DatabaseApplication.csproj", "{A9FEF705-66D9-4216-ADA3-31A9877F611F}"
EndProject
Project("{9A19103F-16F7-4668-BE54-9A1E7A4F7556}") = "DatabaseApplicationML.Model", "DatabaseApplicationML.Model\DatabaseApplicationML.Model.csproj", "{974EFD67-64F6-4BEA-B218-89ACA451BBF1}"
EndProject
Project("{9A19103F-16F7-4668-BE54-9A1E7A4F7556}") = "DatabaseApplicationML.ConsoleApp", "DatabaseApplicationML.ConsoleApp\DatabaseApplicationML.ConsoleApp.csproj", "{D167EB43-C506-46AC-93D3-CFDD1F288189}"
EndProject
Global
	GlobalSection(SolutionConfigurationPlatforms) = preSolution
		Debug|Any CPU = Debug|Any CPU
		Release|Any CPU = Release|Any CPU
	EndGlobalSection
	GlobalSection(ProjectConfigurationPlatforms) = postSolution
		{A9FEF705-66D9-4216-ADA3-31A9877F611F}.Debug|Any CPU.ActiveCfg = Debug|Any CPU
		{A9FEF705-66D9-4216-ADA3-31A9877F611F}.Debug|Any CPU.Build.0 = Debug|Any CPU
		{A9FEF705-66D9-4216-ADA3-31A9877F611F}.Release|Any CPU.ActiveCfg = Release|Any CPU
		{A9FEF705-66D9-4216-ADA3-31A9877F611F}.Release|Any CPU.Build.0 = Release|Any CPU
		{974EFD67-64F6-4BEA-B218-89ACA451BBF1}.Debug|Any CPU.ActiveCfg = Debug|Any CPU
		{974EFD67-64F6-4BEA-B218-89ACA451BBF1}.Debug|Any CPU.Build.0 = Debug|Any CPU
		{974EFD67-64F6-4BEA-B218-89ACA451BBF1}.Release|Any CPU.ActiveCfg = Release|Any CPU
		{974EFD67-64F6-4BEA-B218-89ACA451BBF1}.Release|Any CPU.Build.0 = Release|Any CPU
		{D167EB43-C506-46AC-93D3-CFDD1F288189}.Debug|Any CPU.ActiveCfg = Debug|Any CPU
		{D167EB43-C506-46AC-93D3-CFDD1F288189}.Debug|Any CPU.Build.0 = Debug|Any CPU
		{D167EB43-C506-46AC-93D3-CFDD1F288189}.Release|Any CPU.ActiveCfg = Release|Any CPU
		{D167EB43-C506-46AC-93D3-CFDD1F288189}.Release|Any CPU.Build.0 = Release|Any CPU
	EndGlobalSection
	GlobalSection(SolutionProperties) = preSolution
		HideSolutionNode = FALSE
	EndGlobalSection
	GlobalSection(ExtensibilityGlobals) = postSolution
		SolutionGuid = {35E43ACA-6527-4258-8F88-7433C2CCC727}
	EndGlobalSection
EndGlobal
